# THIS IS AN AUTOGENERATED FILE. DO NOT EDIT THIS FILE DIRECTLY.
# yarn lockfile v1


"@types/geojson@*":
  version "7946.0.7"
  resolved "https://registry.yarnpkg.com/@types/geojson/-/geojson-7946.0.7.tgz#c8fa532b60a0042219cdf173ca21a975ef0666ad"
  integrity sha512-wE2v81i4C4Ol09RtsWFAqg3BUitWbHSpSlIo+bNdsCJijO9sjme+zm+73ZMCa/qMC8UEERxzGbvmr1cffo2SiQ==

"@types/leaflet@^1.5.17":
  version "1.5.19"
  resolved "https://registry.yarnpkg.com/@types/leaflet/-/leaflet-1.5.19.tgz#f290e21fe7a4744d68bb4b0709e99ce490120e6e"
  integrity sha512-ZAKqfvdU/+KFoCpf8aUba09F8mfSc8R2esq++Cha3E2DgwS5K/I/4eJ+0JylrVHZivgY7PSAeXFv/izP+81/MQ==
  dependencies:
    "@types/geojson" "*"

"@types/mithril@^2.0.4":
  version "2.0.6"
  resolved "https://registry.yarnpkg.com/@types/mithril/-/mithril-2.0.6.tgz#1e2a482b0d8bcfe83f4d61e4c370ec8534903984"
  integrity sha512-oOyFr99rKH+94uKHjIVKTL9uaUaxtXJgtZOZkjhWIAY8twr9YzxfEmYARMJkWC3aVg52We8d4wtLhqQ99+fXpw==

bss@^1.6.4:
  version "1.6.4"
  resolved "https://registry.yarnpkg.com/bss/-/bss-1.6.4.tgz#8f33e3f2e346e3f434b727816e415a11588f5ef5"
  integrity sha512-+inXOlHY3Ln9+Zmxa4rHJVB32wbsceVeJhW9NuPs7vqprPEoMUdZNFZeNUxNFd+DSqsckDRcd50/lMZlgpK+uw==

esbuild@^0.8.0:
  version "0.8.0"
  resolved "https://registry.yarnpkg.com/esbuild/-/esbuild-0.8.0.tgz#3173e851303dce0682ebbcbaf6072b991dd6f60e"
  integrity sha512-xCHJpLRlU0NIANQHNsiMDNC/HlrKoye7iH5YOcoZNurauUZgMhjmm9PCal+Oo9ARYZrWxN15mykbfCX//UEvng==

leaflet@^1.7.1:
  version "1.7.1"
  resolved "https://registry.yarnpkg.com/leaflet/-/leaflet-1.7.1.tgz#10d684916edfe1bf41d688a3b97127c0322a2a19"
  integrity sha512-/xwPEBidtg69Q3HlqPdU3DnrXQOvQU/CCHA1tcDQVzOwm91YMYaILjNp7L4Eaw5Z4sOYdbBz6koWyibppd8Zqw==

mithril@^2.0.4:
  version "2.0.4"
  resolved "https://registry.yarnpkg.com/mithril/-/mithril-2.0.4.tgz#d125969d992b924c7185d24ff92d997e5c00116b"
  integrity sha512-mgw+DMZlhMS4PpprF6dl7ZoeZq5GGcAuWnrg5e12MvaGauc4jzWsDZtVGRCktsiQczOEUr2K5teKbE5k44RlOg==
